
Microsoft Visual Studio Solution File, Format Version 12.00
# Visual Studio Version 17
VisualStudioVersion = 17.2.32616.157
MinimumVisualStudioVersion = 10.0.40219.1
Project("{9A19103F-16F7-4668-BE54-9A1E7A4F7556}") = "BowlingLib", "BowlingLib\BowlingLib.csproj", "{48BBA997-E63D-48BB-BB2A-538457425F02}"
EndProject
Project("{2150E333-8FDC-42A3-9474-1A3956D46DE8}") = "Tests", "Tests", "{C75DF644-C41F-4A08-8B69-C8554204AC72}"
EndProject
Project("{9A19103F-16F7-4668-BE54-9A1E7A4F7556}") = "BowlingApp", "BowlingApp\BowlingApp.csproj", "{21365B7E-4A1A-4C37-B140-A9D6FC7A7E50}"
EndProject
Project("{9A19103F-16F7-4668-BE54-9A1E7A4F7556}") = "BowlingAppUnitTest", "Tests\BowlingAppUnitTest\BowlingAppUnitTest.csproj", "{F9B12DFD-EF58-429F-9344-70DFC10EC6E5}"
EndProject
Project("{9A19103F-16F7-4668-BE54-9A1E7A4F7556}") = "BowlingStub", "BowlingStub\BowlingStub.csproj", "{B50615A5-ABFD-4A9C-B236-DBAEDE62AB2E}"
EndProject
Global
	GlobalSection(SolutionConfigurationPlatforms) = preSolution
		Debug|Any CPU = Debug|Any CPU
		Release|Any CPU = Release|Any CPU
	EndGlobalSection
	GlobalSection(ProjectConfigurationPlatforms) = postSolution
		{48BBA997-E63D-48BB-BB2A-538457425F02}.Debug|Any CPU.ActiveCfg = Debug|Any CPU
		{48BBA997-E63D-48BB-BB2A-538457425F02}.Debug|Any CPU.Build.0 = Debug|Any CPU
		{48BBA997-E63D-48BB-BB2A-538457425F02}.Release|Any CPU.ActiveCfg = Release|Any CPU
		{48BBA997-E63D-48BB-BB2A-538457425F02}.Release|Any CPU.Build.0 = Release|Any CPU
		{21365B7E-4A1A-4C37-B140-A9D6FC7A7E50}.Debug|Any CPU.ActiveCfg = Debug|Any CPU
		{21365B7E-4A1A-4C37-B140-A9D6FC7A7E50}.Debug|Any CPU.Build.0 = Debug|Any CPU
		{21365B7E-4A1A-4C37-B140-A9D6FC7A7E50}.Release|Any CPU.ActiveCfg = Release|Any CPU
		{21365B7E-4A1A-4C37-B140-A9D6FC7A7E50}.Release|Any CPU.Build.0 = Release|Any CPU
		{F9B12DFD-EF58-429F-9344-70DFC10EC6E5}.Debug|Any CPU.ActiveCfg = Debug|Any CPU
		{F9B12DFD-EF58-429F-9344-70DFC10EC6E5}.Debug|Any CPU.Build.0 = Debug|Any CPU
		{F9B12DFD-EF58-429F-9344-70DFC10EC6E5}.Release|Any CPU.ActiveCfg = Release|Any CPU
		{F9B12DFD-EF58-429F-9344-70DFC10EC6E5}.Release|Any CPU.Build.0 = Release|Any CPU
		{8A978511-1AD6-47BE-A241-07A4E8BA8C0A}.Debug|Any CPU.ActiveCfg = Debug|Any CPU
		{8A978511-1AD6-47BE-A241-07A4E8BA8C0A}.Debug|Any CPU.Build.0 = Debug|Any CPU
		{8A978511-1AD6-47BE-A241-07A4E8BA8C0A}.Release|Any CPU.ActiveCfg = Release|Any CPU
		{8A978511-1AD6-47BE-A241-07A4E8BA8C0A}.Release|Any CPU.Build.0 = Release|Any CPU
	EndGlobalSection
	GlobalSection(SolutionProperties) = preSolution
		HideSolutionNode = FALSE
	EndGlobalSection
	GlobalSection(NestedProjects) = preSolution
		{F9B12DFD-EF58-429F-9344-70DFC10EC6E5} = {C75DF644-C41F-4A08-8B69-C8554204AC72}
	EndGlobalSection
	GlobalSection(ExtensibilityGlobals) = postSolution
		SolutionGuid = {4D47853B-D1A3-49A5-84BA-CD2DC65FD105}
	EndGlobalSection
EndGlobal
